
Microsoft Visual Studio Solution File, Format Version 12.00
# Visual Studio Version 17
VisualStudioVersion = 17.0.32126.317
MinimumVisualStudioVersion = 10.0.40219.1
Project("{FAE04EC0-301F-11D3-BF4B-00C04F79EFBC}") = "T3PersonalWkSpcApp", "T3PersonalWkSpcApp\T3PersonalWkSpcApp.csproj", "{DBE9759B-64A8-4255-B192-F635560DE164}"
EndProject
Global
	GlobalSection(SolutionConfigurationPlatforms) = preSolution
		Debug|Any CPU = Debug|Any CPU
		Release|Any CPU = Release|Any CPU
	EndGlobalSection
	GlobalSection(ProjectConfigurationPlatforms) = postSolution
		{DBE9759B-64A8-4255-B192-F635560DE164}.Debug|Any CPU.ActiveCfg = Debug|Any CPU
		{DBE9759B-64A8-4255-B192-F635560DE164}.Debug|Any CPU.Build.0 = Debug|Any CPU
		{DBE9759B-64A8-4255-B192-F635560DE164}.Release|Any CPU.ActiveCfg = Release|Any CPU
		{DBE9759B-64A8-4255-B192-F635560DE164}.Release|Any CPU.Build.0 = Release|Any CPU
	EndGlobalSection
	GlobalSection(SolutionProperties) = preSolution
		HideSolutionNode = FALSE
	EndGlobalSection
	GlobalSection(ExtensibilityGlobals) = postSolution
		SolutionGuid = {573C38AA-54C6-4280-8F4D-E0444C3D1267}
	EndGlobalSection
EndGlobal
